
Microsoft Visual Studio Solution File, Format Version 12.00
# Visual Studio 2012
Project("{FAE04EC0-301F-11D3-BF4B-00C04F79EFBC}") = "TravelMVCApp", "TravelMVCApp\TravelMVCApp.csproj", "{20761E28-D5BB-453D-8849-5ABA40523316}"
EndProject
Global
	GlobalSection(SolutionConfigurationPlatforms) = preSolution
		Debug|Any CPU = Debug|Any CPU
		Release|Any CPU = Release|Any CPU
	EndGlobalSection
	GlobalSection(ProjectConfigurationPlatforms) = postSolution
		{20761E28-D5BB-453D-8849-5ABA40523316}.Debug|Any CPU.ActiveCfg = Debug|Any CPU
		{20761E28-D5BB-453D-8849-5ABA40523316}.Debug|Any CPU.Build.0 = Debug|Any CPU
		{20761E28-D5BB-453D-8849-5ABA40523316}.Release|Any CPU.ActiveCfg = Release|Any CPU
		{20761E28-D5BB-453D-8849-5ABA40523316}.Release|Any CPU.Build.0 = Release|Any CPU
	EndGlobalSection
	GlobalSection(SolutionProperties) = preSolution
		HideSolutionNode = FALSE
	EndGlobalSection
EndGlobal
